
Microsoft Visual Studio Solution File, Format Version 12.00
# Visual Studio Version 16
VisualStudioVersion = 16.0.30503.244
MinimumVisualStudioVersion = 10.0.40219.1
Project("{FAE04EC0-301F-11D3-BF4B-00C04F79EFBC}") = "WebDevCourses", "WebDevCourses\WebDevCourses.csproj", "{4578E3B6-4F8A-46CF-92C9-3494C4FA910A}"
EndProject
Global
	GlobalSection(SolutionConfigurationPlatforms) = preSolution
		Debug|Any CPU = Debug|Any CPU
		Release|Any CPU = Release|Any CPU
	EndGlobalSection
	GlobalSection(ProjectConfigurationPlatforms) = postSolution
		{4578E3B6-4F8A-46CF-92C9-3494C4FA910A}.Debug|Any CPU.ActiveCfg = Debug|Any CPU
		{4578E3B6-4F8A-46CF-92C9-3494C4FA910A}.Debug|Any CPU.Build.0 = Debug|Any CPU
		{4578E3B6-4F8A-46CF-92C9-3494C4FA910A}.Release|Any CPU.ActiveCfg = Release|Any CPU
		{4578E3B6-4F8A-46CF-92C9-3494C4FA910A}.Release|Any CPU.Build.0 = Release|Any CPU
	EndGlobalSection
	GlobalSection(SolutionProperties) = preSolution
		HideSolutionNode = FALSE
	EndGlobalSection
	GlobalSection(ExtensibilityGlobals) = postSolution
		SolutionGuid = {78C0562B-530C-4A85-8D92-ADADE28FB905}
	EndGlobalSection
EndGlobal
